Microsoft Visual Studio Solution File, Format Version 12.00
# Visual Studio Version 17
VisualStudioVersion = 17.0.31903.59
MinimumVisualStudioVersion = 10.0.40219.1
Project("{2150E333-8FDC-42A3-9474-1A3956D46DE8}") = "Task3", "Task3", "{CF28372F-697A-586E-9F41-08F2EADD13F3}"
EndProject
Project("{FAE04EC0-301F-11D3-BF4B-00C04F79EFBC}") = "Tyuiu.GrishchenkoSA.Sprint2.Task3.V25.Lib", "Tyuiu.GrishchenkoSA.Sprint2.Task3.V25.Lib\Tyuiu.GrishchenkoSA.Sprint2.Task3.V25.Lib.csproj", "{5C6FC562-B90D-5B2C-AE7E-9E3C8DD4B8B0}"
EndProject
Project("{FAE04EC0-301F-11D3-BF4B-00C04F79EFBC}") = "Tyuiu.GrishchenkoSA.Sprint2.Task3.V25.Test", "Tyuiu.GrishchenkoSA.Sprint2.Task3.V25.Test\Tyuiu.GrishchenkoSA.Sprint2.Task3.V25.Test.csproj", "{C7C678B2-8016-5223-AAF7-027156DA50E4}"
EndProject
Project("{FAE04EC0-301F-11D3-BF4B-00C04F79EFBC}") = "Tyuiu.GrishchenkoSA.Sprint2.Task3.V25", "Tyuiu.GrishchenkoSA.Sprint2.Task3.V25\Tyuiu.GrishchenkoSA.Sprint2.Task3.V25.csproj", "{8A08FAEC-3AA0-5CD7-8ABD-2FAB3A42950B}"
EndProject
Global
	GlobalSection(SolutionConfigurationPlatforms) = preSolution
		Debug|Any CPU = Debug|Any CPU
		Release|Any CPU = Release|Any CPU
	EndGlobalSection
	GlobalSection(ProjectConfigurationPlatforms) = postSolution
		{5C6FC562-B90D-5B2C-AE7E-9E3C8DD4B8B0}.Debug|Any CPU.ActiveCfg = Debug|Any CPU
		{5C6FC562-B90D-5B2C-AE7E-9E3C8DD4B8B0}.Debug|Any CPU.Build.0 = Debug|Any CPU
		{5C6FC562-B90D-5B2C-AE7E-9E3C8DD4B8B0}.Release|Any CPU.ActiveCfg = Release|Any CPU
		{5C6FC562-B90D-5B2C-AE7E-9E3C8DD4B8B0}.Release|Any CPU.Build.0 = Release|Any CPU
		{C7C678B2-8016-5223-AAF7-027156DA50E4}.Debug|Any CPU.ActiveCfg = Debug|Any CPU
		{C7C678B2-8016-5223-AAF7-027156DA50E4}.Debug|Any CPU.Build.0 = Debug|Any CPU
		{C7C678B2-8016-5223-AAF7-027156DA50E4}.Release|Any CPU.ActiveCfg = Release|Any CPU
		{C7C678B2-8016-5223-AAF7-027156DA50E4}.Release|Any CPU.Build.0 = Release|Any CPU
		{8A08FAEC-3AA0-5CD7-8ABD-2FAB3A42950B}.Debug|Any CPU.ActiveCfg = Debug|Any CPU
		{8A08FAEC-3AA0-5CD7-8ABD-2FAB3A42950B}.Debug|Any CPU.Build.0 = Debug|Any CPU
		{8A08FAEC-3AA0-5CD7-8ABD-2FAB3A42950B}.Release|Any CPU.ActiveCfg = Release|Any CPU
		{8A08FAEC-3AA0-5CD7-8ABD-2FAB3A42950B}.Release|Any CPU.Build.0 = Release|Any CPU
	EndGlobalSection
	GlobalSection(SolutionProperties) = preSolution
		HideSolutionNode = FALSE
	EndGlobalSection
	GlobalSection(NestedProjects) = preSolution
		{5C6FC562-B90D-5B2C-AE7E-9E3C8DD4B8B0} = {CF28372F-697A-586E-9F41-08F2EADD13F3}
		{C7C678B2-8016-5223-AAF7-027156DA50E4} = {CF28372F-697A-586E-9F41-08F2EADD13F3}
		{8A08FAEC-3AA0-5CD7-8ABD-2FAB3A42950B} = {CF28372F-697A-586E-9F41-08F2EADD13F3}
	EndGlobalSection
EndGlobal
